schema: '2.0'
stages:
  data_ingestion:
    cmd: python src/data/data_ingestion.py
    deps:
    - path: src/data/data_ingestion.py
      hash: md5
      md5: 0e5da2a1aef56dd4f71d7e67df7c27d8
      size: 2639
    outs:
    - path: data/raw
      hash: md5
      md5: 6ebda8b1c569d02a0c4c83e021dfdb7d.dir
      size: 4601219
      nfiles: 1
